
Microsoft Visual Studio Solution File, Format Version 12.00
# Visual Studio Version 16
VisualStudioVersion = 16.0.28902.138
MinimumVisualStudioVersion = 10.0.40219.1
Project("{FAE04EC0-301F-11D3-BF4B-00C04F79EFBC}") = "FoodManager.Web", "FoodManager.Web\FoodManager.Web.csproj", "{74E9043A-944A-44AA-A793-54C1AD583731}"
EndProject
Project("{FAE04EC0-301F-11D3-BF4B-00C04F79EFBC}") = "FoodManager.Data", "FoodManager.Data\FoodManager.Data.csproj", "{6D87DC8E-64CC-4DB1-8BD0-DA8E6CE04930}"
EndProject
Global
	GlobalSection(SolutionConfigurationPlatforms) = preSolution
		Debug|Any CPU = Debug|Any CPU
		Release|Any CPU = Release|Any CPU
	EndGlobalSection
	GlobalSection(ProjectConfigurationPlatforms) = postSolution
		{74E9043A-944A-44AA-A793-54C1AD583731}.Debug|Any CPU.ActiveCfg = Debug|Any CPU
		{74E9043A-944A-44AA-A793-54C1AD583731}.Debug|Any CPU.Build.0 = Debug|Any CPU
		{74E9043A-944A-44AA-A793-54C1AD583731}.Release|Any CPU.ActiveCfg = Release|Any CPU
		{74E9043A-944A-44AA-A793-54C1AD583731}.Release|Any CPU.Build.0 = Release|Any CPU
		{6D87DC8E-64CC-4DB1-8BD0-DA8E6CE04930}.Debug|Any CPU.ActiveCfg = Debug|Any CPU
		{6D87DC8E-64CC-4DB1-8BD0-DA8E6CE04930}.Debug|Any CPU.Build.0 = Debug|Any CPU
		{6D87DC8E-64CC-4DB1-8BD0-DA8E6CE04930}.Release|Any CPU.ActiveCfg = Release|Any CPU
		{6D87DC8E-64CC-4DB1-8BD0-DA8E6CE04930}.Release|Any CPU.Build.0 = Release|Any CPU
	EndGlobalSection
	GlobalSection(SolutionProperties) = preSolution
		HideSolutionNode = FALSE
	EndGlobalSection
	GlobalSection(ExtensibilityGlobals) = postSolution
		SolutionGuid = {5EA21FD1-6714-4212-950C-0242067E3E28}
	EndGlobalSection
EndGlobal
